
Microsoft Visual Studio Solution File, Format Version 12.00
# Visual Studio 14
VisualStudioVersion = 14.0.25420.1
MinimumVisualStudioVersion = 10.0.40219.1
Project("{FAE04EC0-301F-11D3-BF4B-00C04F79EFBC}") = "UI Sensor Alignment", "UI Sensor Alignment.csproj", "{4D245284-EA3D-46E2-AA62-EDD3761F57C1}"
EndProject
Global
	GlobalSection(SolutionConfigurationPlatforms) = preSolution
		Debug|Any CPU = Debug|Any CPU
		Release|Any CPU = Release|Any CPU
	EndGlobalSection
	GlobalSection(ProjectConfigurationPlatforms) = postSolution
		{4D245284-EA3D-46E2-AA62-EDD3761F57C1}.Debug|Any CPU.ActiveCfg = Debug|Any CPU
		{4D245284-EA3D-46E2-AA62-EDD3761F57C1}.Debug|Any CPU.Build.0 = Debug|Any CPU
		{4D245284-EA3D-46E2-AA62-EDD3761F57C1}.Release|Any CPU.ActiveCfg = Release|Any CPU
		{4D245284-EA3D-46E2-AA62-EDD3761F57C1}.Release|Any CPU.Build.0 = Release|Any CPU
	EndGlobalSection
	GlobalSection(SolutionProperties) = preSolution
		HideSolutionNode = FALSE
	EndGlobalSection
	GlobalSection(SourceCodeControl) = preSolution
		SccNumberOfProjects = 2
		SccLocalPath0 = .
		CanCheckoutShared = false
		SccProjectUniqueName1 = UI\u0020Sensor\u0020Alignment.csproj
		SccLocalPath1 = .
	EndGlobalSection
EndGlobal
